../../Data/alignments_full_assemb/align_SCN1A/SCN1A.spec.fa
../../Data/alignments_full_assemb/align_SCN2A/SCN2A.spec.fa
../../Data/alignments_full_assemb/align_SCN3A/SCN3A.spec.fa
../../Data/alignments_full_assemb/align_SCN4A/SCN4A.spec.fa
../../Data/alignments_full_assemb/align_SCN5A/SCN5A.spec.fa
../../Data/alignments_full_assemb/align_SCN8A/SCN8A.spec.fa
../../Data/alignments_full_assemb/align_SCN1A/SCN1A.t68d10k45.all.renamed.spec.fa
../../Data/alignments_full_assemb/align_SCN2A/SCN2A.t68d10k45.all.renamed.spec.fa
../../Data/alignments_full_assemb/align_SCN3A/SCN3A.t68d10k45.all.renamed.spec.fa
../../Data/alignments_full_assemb/align_SCN4A/SCN4A.t68d10k45.all.renamed.spec.fa
../../Data/alignments_full_assemb/align_SCN5A/SCN5A.t68d10k45.all.renamed.spec.fa
../../Data/alignments_full_assemb/align_SCN8A/SCN8A.t68d10k45.all.renamed.spec.fa
../../Data/alignments_full_assemb/align_SCN1A/SCN1A.t68d10k45.all.renamed.fa.mafft
../../Data/alignments_full_assemb/align_SCN2A/SCN2A.t68d10k45.all.renamed.fa.mafft
../../Data/alignments_full_assemb/align_SCN3A/SCN3A.t68d10k45.all.renamed.fa.mafft
../../Data/alignments_full_assemb/align_SCN4A/SCN4A.t68d10k45.all.renamed.fa.mafft
../../Data/alignments_full_assemb/align_SCN5A/SCN5A.t68d10k45.all.renamed.fa.mafft
../../Data/alignments_full_assemb/align_SCN8A/SCN8A.t68d10k45.all.renamed.fa.mafft
../../Data/alignments_full_assemb/align_SCN1A/SCN1A.t68d10k45.all.renamed.fa.mafft.noStars
../../Data/alignments_full_assemb/align_SCN2A/SCN2A.t68d10k45.all.renamed.fa.mafft.noStars
../../Data/alignments_full_assemb/align_SCN3A/SCN3A.t68d10k45.all.renamed.fa.mafft.noStars
../../Data/alignments_full_assemb/align_SCN4A/SCN4A.t68d10k45.all.renamed.fa.mafft.noStars
../../Data/alignments_full_assemb/align_SCN5A/SCN5A.t68d10k45.all.renamed.fa.mafft.noStars
../../Data/alignments_full_assemb/align_SCN8A/SCN8A.t68d10k45.all.renamed.fa.mafft.noStars
plot_data/SCN1A.fa
plot_data/SCN2A.fa
plot_data/SCN3A.fa
plot_data/SCN4A.fa
plot_data/SCN5A.fa
plot_data/SCN8A.fa
plot_data/SCN1A.DNA.fa
plot_data/SCN2A.DNA.fa
plot_data/SCN3A.DNA.fa
plot_data/SCN4A.DNA.fa
plot_data/SCN5A.DNA.fa
plot_data/SCN8A.DNA.fa
plot_data/SCN1A.columns
plot_data/SCN3A.columns
plot_data/SCN4A.columns
plot_data/SCN5A.columns
plot_data/SCN8A.columns
plot_data/SCN1A.DNA.trimmed.fa
plot_data/SCN3A.DNA.trimmed.fa
plot_data/SCN4A.DNA.trimmed.fa
plot_data/SCN5A.DNA.trimmed.fa
plot_data/SCN8A.DNA.trimmed.fa
plot_data/SCN1A.DNA.trimmed.fa.raxml.bestTree
plot_data/SCN3A.DNA.trimmed.fa.raxml.bestTree
plot_data/SCN4A.DNA.trimmed.fa.raxml.bestTree
plot_data/SCN5A.DNA.trimmed.fa.raxml.bestTree
plot_data/SCN8A.DNA.trimmed.fa.raxml.bestTree
plot_data/SCN1A.DNA.trimmed.wTree.fa
plot_data/SCN3A.DNA.trimmed.wTree.fa
plot_data/SCN4A.DNA.trimmed.wTree.fa
plot_data/SCN5A.DNA.trimmed.wTree.fa
plot_data/SCN8A.DNA.trimmed.wTree.fa
plot_data/SCN1A.DNA.trimmed.wTree.fa.MEME.json
plot_data/SCN3A.DNA.trimmed.wTree.fa.MEME.json
plot_data/SCN4A.DNA.trimmed.wTree.fa.MEME.json
plot_data/SCN5A.DNA.trimmed.wTree.fa.MEME.json
plot_data/SCN8A.DNA.trimmed.wTree.fa.MEME.json
plot_data/SCN1A.PROT.trimmed.fa
plot_data/SCN3A.PROT.trimmed.fa
plot_data/SCN4A.PROT.trimmed.fa
plot_data/SCN5A.PROT.trimmed.fa
plot_data/SCN8A.PROT.trimmed.fa
plot_data/SCN1A.DNA.trimmed.manual.fa
plot_data/SCN3A.DNA.trimmed.manual.fa
plot_data/SCN4A.DNA.trimmed.manual.fa
plot_data/SCN5A.DNA.trimmed.manual.fa
plot_data/SCN8A.DNA.trimmed.manual.fa
plot_data/SCN1A.DNA.trimmed.manual.fa.raxml.bestTree
plot_data/SCN3A.DNA.trimmed.manual.fa.raxml.bestTree
plot_data/SCN4A.DNA.trimmed.manual.fa.raxml.bestTree
plot_data/SCN5A.DNA.trimmed.manual.fa.raxml.bestTree
plot_data/SCN8A.DNA.trimmed.manual.fa.raxml.bestTree
plot_data/SCN1A.DNA.trimmed.wTree.manual.fa
plot_data/SCN3A.DNA.trimmed.wTree.manual.fa
plot_data/SCN4A.DNA.trimmed.wTree.manual.fa
plot_data/SCN5A.DNA.trimmed.wTree.manual.fa
plot_data/SCN8A.DNA.trimmed.wTree.manual.fa
plot_data/SCN1A.DNA.trimmed.wTree.manual.fa.MEME.json
plot_data/SCN3A.DNA.trimmed.wTree.manual.fa.MEME.json
plot_data/SCN4A.DNA.trimmed.wTree.manual.fa.MEME.json
plot_data/SCN5A.DNA.trimmed.wTree.manual.fa.MEME.json
plot_data/SCN8A.DNA.trimmed.wTree.manual.fa.MEME.json
plot_data/SCN1A.DNA.trimmed.wTree.manual.fa.BUSTED.json
plot_data/SCN3A.DNA.trimmed.wTree.manual.fa.BUSTED.json
plot_data/SCN4A.DNA.trimmed.wTree.manual.fa.BUSTED.json
plot_data/SCN5A.DNA.trimmed.wTree.manual.fa.BUSTED.json
plot_data/SCN8A.DNA.trimmed.wTree.manual.fa.BUSTED.json
plot_data/SCN1A.DNA.trimmed.wTree.manual.fa.BUSTED.json.sum
plot_data/SCN3A.DNA.trimmed.wTree.manual.fa.BUSTED.json.sum
plot_data/SCN4A.DNA.trimmed.wTree.manual.fa.BUSTED.json.sum
plot_data/SCN5A.DNA.trimmed.wTree.manual.fa.BUSTED.json.sum
plot_data/SCN8A.DNA.trimmed.wTree.manual.fa.BUSTED.json.sum
plot_data/SCN1A.DNA.trimmed.wTree.manual.fa.BUSTED.json.tree
plot_data/SCN3A.DNA.trimmed.wTree.manual.fa.BUSTED.json.tree
plot_data/SCN4A.DNA.trimmed.wTree.manual.fa.BUSTED.json.tree
plot_data/SCN5A.DNA.trimmed.wTree.manual.fa.BUSTED.json.tree
plot_data/SCN8A.DNA.trimmed.wTree.manual.fa.BUSTED.json.tree
plot_data/SCN1A.DNA.trimmed.wTree.manual.annot.fa
plot_data/SCN3A.DNA.trimmed.wTree.manual.annot.fa
plot_data/SCN4A.DNA.trimmed.wTree.manual.annot.fa
plot_data/SCN5A.DNA.trimmed.wTree.manual.annot.fa
plot_data/SCN8A.DNA.trimmed.wTree.manual.annot.fa
plot_data/SCN1A.DNA.trimmed.wTree.manual.annot.fa.BUSTED.json
plot_data/SCN3A.DNA.trimmed.wTree.manual.annot.fa.BUSTED.json
plot_data/SCN4A.DNA.trimmed.wTree.manual.annot.fa.BUSTED.json
plot_data/SCN5A.DNA.trimmed.wTree.manual.annot.fa.BUSTED.json
plot_data/SCN8A.DNA.trimmed.wTree.manual.annot.fa.BUSTED.json
../../Data/alignments_full_assemb/align_SCN1A/SCN1A.spec.fa
../../Data/alignments_full_assemb/align_SCN2A/SCN2A.spec.fa
../../Data/alignments_full_assemb/align_SCN3A/SCN3A.spec.fa
../../Data/alignments_full_assemb/align_SCN4A/SCN4A.spec.fa
../../Data/alignments_full_assemb/align_SCN5A/SCN5A.spec.fa
../../Data/alignments_full_assemb/align_SCN8A/SCN8A.spec.fa
../../Data/alignments_full_assemb/align_SCN1A/SCN1A.t68d10k45.all.renamed.fa.mafft
../../Data/alignments_full_assemb/align_SCN2A/SCN2A.t68d10k45.all.renamed.fa.mafft
../../Data/alignments_full_assemb/align_SCN3A/SCN3A.t68d10k45.all.renamed.fa.mafft
../../Data/alignments_full_assemb/align_SCN4A/SCN4A.t68d10k45.all.renamed.fa.mafft
../../Data/alignments_full_assemb/align_SCN5A/SCN5A.t68d10k45.all.renamed.fa.mafft
../../Data/alignments_full_assemb/align_SCN8A/SCN8A.t68d10k45.all.renamed.fa.mafft
../../Data/alignments_full_assemb/align_SCN1A/SCN1A.t68d10k45.all.renamed.fa.mafft.noStars
../../Data/alignments_full_assemb/align_SCN2A/SCN2A.t68d10k45.all.renamed.fa.mafft.noStars
../../Data/alignments_full_assemb/align_SCN3A/SCN3A.t68d10k45.all.renamed.fa.mafft.noStars
../../Data/alignments_full_assemb/align_SCN4A/SCN4A.t68d10k45.all.renamed.fa.mafft.noStars
../../Data/alignments_full_assemb/align_SCN5A/SCN5A.t68d10k45.all.renamed.fa.mafft.noStars
../../Data/alignments_full_assemb/align_SCN8A/SCN8A.t68d10k45.all.renamed.fa.mafft.noStars
plot_data/SCN1A.fa
../../Data/alignments_full_assemb/align_SCN1A/SCN1A.t68d10k45.all.renamed.fa.mafft
../../Data/alignments_full_assemb/align_SCN1A/SCN1A.DNA.spec.fa
plot_data/SCN2A.fa
../../Data/alignments_full_assemb/align_SCN2A/SCN2A.t68d10k45.all.renamed.fa.mafft
../../Data/alignments_full_assemb/align_SCN2A/SCN2A.DNA.spec.fa
plot_data/SCN3A.fa
../../Data/alignments_full_assemb/align_SCN3A/SCN3A.t68d10k45.all.renamed.fa.mafft
../../Data/alignments_full_assemb/align_SCN3A/SCN3A.DNA.spec.fa
plot_data/SCN4A.fa
../../Data/alignments_full_assemb/align_SCN4A/SCN4A.t68d10k45.all.renamed.fa.mafft
../../Data/alignments_full_assemb/align_SCN4A/SCN4A.DNA.spec.fa
plot_data/SCN5A.fa
../../Data/alignments_full_assemb/align_SCN5A/SCN5A.t68d10k45.all.renamed.fa.mafft
../../Data/alignments_full_assemb/align_SCN5A/SCN5A.DNA.spec.fa
plot_data/SCN8A.fa
../../Data/alignments_full_assemb/align_SCN8A/SCN8A.t68d10k45.all.renamed.fa.mafft
../../Data/alignments_full_assemb/align_SCN8A/SCN8A.DNA.spec.fa
../../Data/alignments_full_assemb/align_SCN1A/SCN1A.t68d10k45.all.renamed.fa.mafft.noStars
../../Data/alignments_full_assemb/align_SCN3A/SCN3A.t68d10k45.all.renamed.fa.mafft.noStars
../../Data/alignments_full_assemb/align_SCN4A/SCN4A.t68d10k45.all.renamed.fa.mafft.noStars
../../Data/alignments_full_assemb/align_SCN5A/SCN5A.t68d10k45.all.renamed.fa.mafft.noStars
../../Data/alignments_full_assemb/align_SCN8A/SCN8A.t68d10k45.all.renamed.fa.mafft.noStars
plot_data/SCN1A.columns
plot_data/SCN1A.DNA.fa
plot_data/SCN3A.columns
plot_data/SCN3A.DNA.fa
plot_data/SCN4A.columns
plot_data/SCN4A.DNA.fa
plot_data/SCN5A.columns
plot_data/SCN5A.DNA.fa
plot_data/SCN8A.columns
plot_data/SCN8A.DNA.fa
plot_data/SCN1A.DNA.trimmed.fa
plot_data/SCN3A.DNA.trimmed.fa
plot_data/SCN4A.DNA.trimmed.fa
plot_data/SCN5A.DNA.trimmed.fa
plot_data/SCN8A.DNA.trimmed.fa
plot_data/SCN1A.DNA.trimmed.fa
plot_data/SCN1A.DNA.trimmed.fa.raxml.bestTree
plot_data/SCN3A.DNA.trimmed.fa
plot_data/SCN3A.DNA.trimmed.fa.raxml.bestTree
plot_data/SCN4A.DNA.trimmed.fa
plot_data/SCN4A.DNA.trimmed.fa.raxml.bestTree
plot_data/SCN5A.DNA.trimmed.fa
plot_data/SCN5A.DNA.trimmed.fa.raxml.bestTree
plot_data/SCN8A.DNA.trimmed.fa
plot_data/SCN8A.DNA.trimmed.fa.raxml.bestTree
plot_data/SCN1A.DNA.trimmed.wTree.fa
plot_data/SCN3A.DNA.trimmed.wTree.fa
plot_data/SCN4A.DNA.trimmed.wTree.fa
plot_data/SCN5A.DNA.trimmed.wTree.fa
plot_data/SCN8A.DNA.trimmed.wTree.fa
plot_data/SCN1A.DNA.trimmed.fa
plot_data/SCN3A.DNA.trimmed.fa
plot_data/SCN4A.DNA.trimmed.fa
plot_data/SCN5A.DNA.trimmed.fa
plot_data/SCN8A.DNA.trimmed.fa
plot_data/SCN1A.PROT.trimmed.manual.fa
plot_data/SCN1A.DNA.trimmed.fa
plot_data/SCN3A.PROT.trimmed.manual.fa
plot_data/SCN3A.DNA.trimmed.fa
plot_data/SCN4A.PROT.trimmed.manual.fa
plot_data/SCN4A.DNA.trimmed.fa
plot_data/SCN5A.PROT.trimmed.manual.fa
plot_data/SCN5A.DNA.trimmed.fa
plot_data/SCN8A.PROT.trimmed.manual.fa
plot_data/SCN8A.DNA.trimmed.fa
plot_data/SCN1A.DNA.trimmed.manual.fa
plot_data/SCN3A.DNA.trimmed.manual.fa
plot_data/SCN4A.DNA.trimmed.manual.fa
plot_data/SCN5A.DNA.trimmed.manual.fa
plot_data/SCN8A.DNA.trimmed.manual.fa
plot_data/SCN1A.DNA.trimmed.manual.fa
plot_data/SCN1A.DNA.trimmed.manual.fa.raxml.bestTree
plot_data/SCN3A.DNA.trimmed.manual.fa
plot_data/SCN3A.DNA.trimmed.manual.fa.raxml.bestTree
plot_data/SCN4A.DNA.trimmed.manual.fa
plot_data/SCN4A.DNA.trimmed.manual.fa.raxml.bestTree
plot_data/SCN5A.DNA.trimmed.manual.fa
plot_data/SCN5A.DNA.trimmed.manual.fa.raxml.bestTree
plot_data/SCN8A.DNA.trimmed.manual.fa
plot_data/SCN8A.DNA.trimmed.manual.fa.raxml.bestTree
plot_data/SCN1A.DNA.trimmed.wTree.manual.fa
plot_data/SCN3A.DNA.trimmed.wTree.manual.fa
plot_data/SCN4A.DNA.trimmed.wTree.manual.fa
plot_data/SCN5A.DNA.trimmed.wTree.manual.fa
plot_data/SCN8A.DNA.trimmed.wTree.manual.fa
plot_data/SCN1A.DNA.trimmed.wTree.manual.fa
plot_data/SCN3A.DNA.trimmed.wTree.manual.fa
plot_data/SCN4A.DNA.trimmed.wTree.manual.fa
plot_data/SCN5A.DNA.trimmed.wTree.manual.fa
plot_data/SCN8A.DNA.trimmed.wTree.manual.fa
plot_data/SCN1A.DNA.trimmed.wTree.manual.fa.BUSTED.json
plot_data/SCN3A.DNA.trimmed.wTree.manual.fa.BUSTED.json
plot_data/SCN4A.DNA.trimmed.wTree.manual.fa.BUSTED.json
plot_data/SCN5A.DNA.trimmed.wTree.manual.fa.BUSTED.json
plot_data/SCN8A.DNA.trimmed.wTree.manual.fa.BUSTED.json
plot_data/SCN1A.DNA.trimmed.wTree.manual.fa.BUSTED.json
plot_data/SCN3A.DNA.trimmed.wTree.manual.fa.BUSTED.json
plot_data/SCN4A.DNA.trimmed.wTree.manual.fa.BUSTED.json
plot_data/SCN5A.DNA.trimmed.wTree.manual.fa.BUSTED.json
plot_data/SCN8A.DNA.trimmed.wTree.manual.fa.BUSTED.json
plot_data/SCN1A.DNA.trimmed.manual.fa
plot_data/SCN1A.DNA.trimmed.wTree.manual.fa.BUSTED.json.tree.annot
plot_data/SCN3A.DNA.trimmed.manual.fa
plot_data/SCN3A.DNA.trimmed.wTree.manual.fa.BUSTED.json.tree.annot
plot_data/SCN4A.DNA.trimmed.manual.fa
plot_data/SCN4A.DNA.trimmed.wTree.manual.fa.BUSTED.json.tree.annot
plot_data/SCN5A.DNA.trimmed.manual.fa
plot_data/SCN5A.DNA.trimmed.wTree.manual.fa.BUSTED.json.tree.annot
plot_data/SCN8A.DNA.trimmed.manual.fa
plot_data/SCN8A.DNA.trimmed.wTree.manual.fa.BUSTED.json.tree.annot
plot_data/SCN1A.DNA.trimmed.wTree.manual.annot.fa
plot_data/SCN3A.DNA.trimmed.wTree.manual.annot.fa
plot_data/SCN4A.DNA.trimmed.wTree.manual.annot.fa
plot_data/SCN5A.DNA.trimmed.wTree.manual.annot.fa
plot_data/SCN8A.DNA.trimmed.wTree.manual.annot.fa
