plot_data/SCN5A.DNA.trimmed.wTree.manual.annot.fa.ABSREL.json
plot_data/SCN1A.DNA.trimmed.wTree.manual.annot.fa.ABSREL.json
plot_data/SCN4A.DNA.trimmed.wTree.manual.annot.fa.ABSREL.json
plot_data/SCN8A.DNA.trimmed.wTree.manual.annot.fa.ABSREL.json
plot_data/SCN3A.DNA.trimmed.wTree.manual.annot.fa.ABSREL.json
