plot_data/SCN4A.DNA.trimmed.fa.raxml.bestTree
plot_data/SCN4A.DNA.trimmed.wTree.manual.fa
plot_data/SCN1A.DNA.trimmed.wTree.fa.MEME.json
plot_data/SCN1A.DNA.trimmed.manual.fa.raxml.bestTree
plot_data/SCN5A.DNA.trimmed.fa.raxml.bestTree
plot_data/SCN5A.DNA.trimmed.wTree.manual.fa
plot_data/SCN3A.DNA.trimmed.wTree.fa.MEME.json
plot_data/SCN3A.DNA.trimmed.manual.fa.raxml.bestTree
plot_data/SCN8A.DNA.trimmed.fa.raxml.bestTree
plot_data/SCN8A.DNA.trimmed.wTree.manual.fa
plot_data/SCN4A.DNA.trimmed.wTree.fa.MEME.json
plot_data/SCN4A.DNA.trimmed.manual.fa.raxml.bestTree
plot_data/SCN1A.DNA.trimmed.wTree.manual.fa.MEME.json
plot_data/SCN1A.DNA.trimmed.manual.fa
plot_data/SCN5A.DNA.trimmed.wTree.fa.MEME.json
plot_data/SCN5A.DNA.trimmed.manual.fa.raxml.bestTree
plot_data/SCN3A.DNA.trimmed.wTree.fa
plot_data/SCN3A.DNA.trimmed.wTree.manual.fa.MEME.json
plot_data/SCN3A.DNA.trimmed.manual.fa
plot_data/SCN8A.DNA.trimmed.wTree.fa.MEME.json
plot_data/SCN8A.DNA.trimmed.manual.fa.raxml.bestTree
plot_data/SCN4A.DNA.trimmed.wTree.fa
plot_data/SCN4A.DNA.trimmed.wTree.manual.fa.MEME.json
plot_data/SCN4A.DNA.trimmed.manual.fa
plot_data/SCN1A.DNA.trimmed.wTree.manual.fa
plot_data/SCN5A.DNA.trimmed.wTree.fa
plot_data/SCN5A.DNA.trimmed.wTree.manual.fa.MEME.json
plot_data/SCN5A.DNA.trimmed.manual.fa
plot_data/SCN3A.DNA.trimmed.fa.raxml.bestTree
plot_data/SCN3A.DNA.trimmed.wTree.manual.fa
plot_data/SCN8A.DNA.trimmed.wTree.fa
plot_data/SCN8A.DNA.trimmed.wTree.manual.fa.MEME.json
plot_data/SCN8A.DNA.trimmed.manual.fa
